// !$*UTF8*$!
{
	archiveVersion = 1;
	classes = {
	};
	objectVersion = 46;
	objects = {

/* Begin PBXBuildFile section */
		291B07D41AECC1B400A4EC93 /* main.cpp in Sources */ = {isa = PBXBuildFile; fileRef = 291B07D31AECC1B400A4EC93 /* main.cpp */; };
/* End PBXBuildFile section */

/* Begin PBXCopyFilesBuildPhase section */
		291B07CE1AECC1B400A4EC93 /* CopyFiles */ = {
			isa = PBXCopyFilesBuildPhase;
			buildActionMask = 2147483647;
			dstPath = /usr/share/man/man1/;
			dstSubfolderSpec = 0;
			files = (
			);
			runOnlyForDeploymentPostprocessing = 1;
		};
/* End PBXCopyFilesBuildPhase section */

/* Begin PBXFileReference section */
		291B07D01AECC1B400A4EC93 /* napZackProblem */ = {isa = PBXFileReference; explicitFileType = "compiled.mach-o.executable"; includeInIndex = 0; path = napZackProblem; sourceTree = BUILT_PRODUCTS_DIR; };
		291B07D31AECC1B400A4EC93 /* main.cpp */ = {isa = PBXFileReference; lastKnownFileType = sourcecode.cpp.cpp; path = main.cpp; sourceTree = "<group>"; };
/* End PBXFileReference section */

/* Begin PBXFrameworksBuildPhase section */
		291B07CD1AECC1B400A4EC93 /* Frameworks */ = {
			isa = PBXFrameworksBuildPhase;
			buildActionMask = 2147483647;
			files = (
			);
			runOnlyForDeploymentPostprocessing = 0;
		};
/* End PBXFrameworksBuildPhase section */

/* Begin PBXGroup section */
		291B07C71AECC1B400A4EC93 = {
			isa = PBXGroup;
			children = (
				291B07D21AECC1B400A4EC93 /* napZackProblem */,
				291B07D11AECC1B400A4EC93 /* Products */,
			);
			sourceTree = "<group>";
		};
		291B07D11AECC1B400A4EC93 /* Products */ = {
			isa = PBXGroup;
			children = (
				291B07D01AECC1B400A4EC93 /* napZackProblem */,
			);
			name = Products;
			sourceTree = "<group>";
		};
		291B07D21AECC1B400A4EC93 /* napZackProblem */ = {
			isa = PBXGroup;
			children = (
				291B07D31AECC1B400A4EC93 /* main.cpp */,
			);
			path = napZackProblem;
			sourceTree = "<group>";
		};
/* End PBXGroup section */

/* Begin PBXNativeTarget section */
		291B07CF1AECC1B400A4EC93 /* napZackProblem */ = {
			isa = PBXNativeTarget;
			buildConfigurationList = 291B07D71AECC1B500A4EC93 /* Build configuration list for PBXNativeTarget "napZackProblem" */;
			buildPhases = (
				291B07CC1AECC1B400A4EC93 /* Sources */,
				291B07CD1AECC1B400A4EC93 /* Frameworks */,
				291B07CE1AECC1B400A4EC93 /* CopyFiles */,
			);
			buildRules = (
			);
			dependencies = (
			);
			name = napZackProblem;
			productName = napZackProblem;
			productReference = 291B07D01AECC1B400A4EC93 /* napZackProblem */;
			productType = "com.apple.product-type.tool";
		};
/* End PBXNativeTarget section */

/* Begin PBXProject section */
		291B07C81AECC1B400A4EC93 /* Project object */ = {
			isa = PBXProject;
			attributes = {
				LastUpgradeCheck = 0620;
				ORGANIZATIONNAME = "高橋 誠二";
				TargetAttributes = {
					291B07CF1AECC1B400A4EC93 = {
						CreatedOnToolsVersion = 6.2;
					};
				};
			};
			buildConfigurationList = 291B07CB1AECC1B400A4EC93 /* Build configuration list for PBXProject "napZackProblem" */;
			compatibilityVersion = "Xcode 3.2";
			developmentRegion = English;
			hasScannedForEncodings = 0;
			knownRegions = (
				en,
			);
			mainGroup = 291B07C71AECC1B400A4EC93;
			productRefGroup = 291B07D11AECC1B400A4EC93 /* Products */;
			projectDirPath = "";
			projectRoot = "";
			targets = (
				291B07CF1AECC1B400A4EC93 /* napZackProblem */,
			);
		};
/* End PBXProject section */

/* Begin PBXSourcesBuildPhase section */
		291B07CC1AECC1B400A4EC93 /* Sources */ = {
			isa = PBXSourcesBuildPhase;
			buildActionMask = 2147483647;
			files = (
				291B07D41AECC1B400A4EC93 /* main.cpp in Sources */,
			);
			runOnlyForDeploymentPostprocessing = 0;
		};
/* End PBXSourcesBuildPhase section */

/* Begin XCBuildConfiguration section */
		291B07D51AECC1B400A4EC93 /* Debug */ = {
			isa = XCBuildConfiguration;
			buildSettings = {
				ALWAYS_SEARCH_USER_PATHS = NO;
				CLANG_CXX_LANGUAGE_STANDARD = "gnu++0x";
				CLANG_CXX_LIBRARY = "libc++";
				CLANG_ENABLE_MODULES = YES;
				CLANG_ENABLE_OBJC_ARC = YES;
				CLANG_WARN_BOOL_CONVERSION = YES;
				CLANG_WARN_CONSTANT_CONVERSION = YES;
				CLANG_WARN_DIRECT_OBJC_ISA_USAGE = YES_ERROR;
				CLANG_WARN_EMPTY_BODY = YES;
				CLANG_WARN_ENUM_CONVERSION = YES;
				CLANG_WARN_INT_CONVERSION = YES;
				CLANG_WARN_OBJC_ROOT_CLASS = YES_ERROR;
				CLANG_WARN_UNREACHABLE_CODE = YES;
				CLANG_WARN__DUPLICATE_METHOD_MATCH = YES;
				COPY_PHASE_STRIP = NO;
				ENABLE_STRICT_OBJC_MSGSEND = YES;
				GCC_C_LANGUAGE_STANDARD = gnu99;
				GCC_DYNAMIC_NO_PIC = NO;
				GCC_OPTIMIZATION_LEVEL = 0;
				GCC_PREPROCESSOR_DEFINITIONS = (
					"DEBUG=1",
					"$(inherited)",
				);
				GCC_SYMBOLS_PRIVATE_EXTERN = NO;
				GCC_WARN_64_TO_32_BIT_CONVERSION = YES;
				GCC_WARN_ABOUT_RETURN_TYPE = YES_ERROR;
				GCC_WARN_UNDECLARED_SELECTOR = YES;
				GCC_WARN_UNINITIALIZED_AUTOS = YES_AGGRESSIVE;
				GCC_WARN_UNUSED_FUNCTION = YES;
				GCC_WARN_UNUSED_VARIABLE = YES;
				MACOSX_DEPLOYMENT_TARGET = 10.10;
				MTL_ENABLE_DEBUG_INFO = YES;
				ONLY_ACTIVE_ARCH = YES;
				SDKROOT = macosx;
			};
			name = Debug;
		};
		291B07D61AECC1B400A4EC93 /* Release */ = {
			isa = XCBuildConfiguration;
			buildSettings = {
				ALWAYS_SEARCH_USER_PATHS = NO;
				CLANG_CXX_LANGUAGE_STANDARD = "gnu++0x";
				CLANG_CXX_LIBRARY = "libc++";
				CLANG_ENABLE_MODULES = YES;
				CLANG_ENABLE_OBJC_ARC = YES;
				CLANG_WARN_BOOL_CONVERSION = YES;
				CLANG_WARN_CONSTANT_CONVERSION = YES;
				CLANG_WARN_DIRECT_OBJC_ISA_USAGE = YES_ERROR;
				CLANG_WARN_EMPTY_BODY = YES;
				CLANG_WARN_ENUM_CONVERSION = YES;
				CLANG_WARN_INT_CONVERSION = YES;
				CLANG_WARN_OBJC_ROOT_CLASS = YES_ERROR;
				CLANG_WARN_UNREACHABLE_CODE = YES;
				CLANG_WARN__DUPLICATE_METHOD_MATCH = YES;
				COPY_PHASE_STRIP = NO;
				DEBUG_INFORMATION_FORMAT = "dwarf-with-dsym";
				ENABLE_NS_ASSERTIONS = NO;
				ENABLE_STRICT_OBJC_MSGSEND = YES;
				GCC_C_LANGUAGE_STANDARD = gnu99;
				GCC_WARN_64_TO_32_BIT_CONVERSION = YES;
				GCC_WARN_ABOUT_RETURN_TYPE = YES_ERROR;
				GCC_WARN_UNDECLARED_SELECTOR = YES;
				GCC_WARN_UNINITIALIZED_AUTOS = YES_AGGRESSIVE;
				GCC_WARN_UNUSED_FUNCTION = YES;
				GCC_WARN_UNUSED_VARIABLE = YES;
				MACOSX_DEPLOYMENT_TARGET = 10.10;
				MTL_ENABLE_DEBUG_INFO = NO;
				SDKROOT = macosx;
			};
			name = Release;
		};
		291B07D81AECC1B500A4EC93 /* Debug */ = {
			isa = XCBuildConfiguration;
			buildSettings = {
				PRODUCT_NAME = "$(TARGET_NAME)";
			};
			name = Debug;
		};
		291B07D91AECC1B500A4EC93 /* Release */ = {
			isa = XCBuildConfiguration;
			buildSettings = {
				PRODUCT_NAME = "$(TARGET_NAME)";
			};
			name = Release;
		};
/* End XCBuildConfiguration section */

/* Begin XCConfigurationList section */
		291B07CB1AECC1B400A4EC93 /* Build configuration list for PBXProject "napZackProblem" */ = {
			isa = XCConfigurationList;
			buildConfigurations = (
				291B07D51AECC1B400A4EC93 /* Debug */,
				291B07D61AECC1B400A4EC93 /* Release */,
			);
			defaultConfigurationIsVisible = 0;
			defaultConfigurationName = Release;
		};
		291B07D71AECC1B500A4EC93 /* Build configuration list for PBXNativeTarget "napZackProblem" */ = {
			isa = XCConfigurationList;
			buildConfigurations = (
				291B07D81AECC1B500A4EC93 /* Debug */,
				291B07D91AECC1B500A4EC93 /* Release */,
			);
			defaultConfigurationIsVisible = 0;
		};
/* End XCConfigurationList section */
	};
	rootObject = 291B07C81AECC1B400A4EC93 /* Project object */;
}
